
Microsoft Visual Studio Solution File, Format Version 12.00
# Visual Studio 15
VisualStudioVersion = 15.0.27130.2010
MinimumVisualStudioVersion = 10.0.40219.1
Project("{9A19103F-16F7-4668-BE54-9A1E7A4F7556}") = "helloworldapi", "helloworldapi\helloworldapi.csproj", "{13949EA1-7959-424E-9D89-A7B6529911E6}"
EndProject
Project("{E53339B2-1760-4266-BCC7-CA923CBCF16C}") = "docker-compose", "docker-compose.dcproj", "{BB14F7DD-05CC-4218-9834-76511E151D67}"
EndProject
Project("{2150E333-8FDC-42A3-9474-1A3956D46DE8}") = "Solution Items", "Solution Items", "{7E8BADEF-E0BB-4588-9351-9B0C6938CF40}"
	ProjectSection(SolutionItems) = preProject
		proxy.conf = proxy.conf
	EndProjectSection
EndProject
Global
	GlobalSection(SolutionConfigurationPlatforms) = preSolution
		Debug|Any CPU = Debug|Any CPU
		Release|Any CPU = Release|Any CPU
	EndGlobalSection
	GlobalSection(ProjectConfigurationPlatforms) = postSolution
		{13949EA1-7959-424E-9D89-A7B6529911E6}.Debug|Any CPU.ActiveCfg = Debug|Any CPU
		{13949EA1-7959-424E-9D89-A7B6529911E6}.Debug|Any CPU.Build.0 = Debug|Any CPU
		{13949EA1-7959-424E-9D89-A7B6529911E6}.Release|Any CPU.ActiveCfg = Release|Any CPU
		{13949EA1-7959-424E-9D89-A7B6529911E6}.Release|Any CPU.Build.0 = Release|Any CPU
		{BB14F7DD-05CC-4218-9834-76511E151D67}.Debug|Any CPU.ActiveCfg = Debug|Any CPU
		{BB14F7DD-05CC-4218-9834-76511E151D67}.Debug|Any CPU.Build.0 = Debug|Any CPU
		{BB14F7DD-05CC-4218-9834-76511E151D67}.Release|Any CPU.ActiveCfg = Release|Any CPU
		{BB14F7DD-05CC-4218-9834-76511E151D67}.Release|Any CPU.Build.0 = Release|Any CPU
	EndGlobalSection
	GlobalSection(SolutionProperties) = preSolution
		HideSolutionNode = FALSE
	EndGlobalSection
	GlobalSection(ExtensibilityGlobals) = postSolution
		SolutionGuid = {9E755CE1-CCF3-4D62-A2CF-8F095BD1C25D}
	EndGlobalSection
EndGlobal
